
Microsoft Visual Studio Solution File, Format Version 12.00
# Visual Studio Version 16
VisualStudioVersion = 16.0.29102.190
MinimumVisualStudioVersion = 10.0.40219.1
Project("{FAE04EC0-301F-11D3-BF4B-00C04F79EFBC}") = "CsAppSignosZodiacalesEEC", "CsAppSignosZodiacalesEEC.csproj", "{C3347A67-4BC1-480D-8EF9-394568942733}"
EndProject
Global
	GlobalSection(SolutionConfigurationPlatforms) = preSolution
		Debug|Any CPU = Debug|Any CPU
		Release|Any CPU = Release|Any CPU
	EndGlobalSection
	GlobalSection(ProjectConfigurationPlatforms) = postSolution
		{C3347A67-4BC1-480D-8EF9-394568942733}.Debug|Any CPU.ActiveCfg = Debug|Any CPU
		{C3347A67-4BC1-480D-8EF9-394568942733}.Debug|Any CPU.Build.0 = Debug|Any CPU
		{C3347A67-4BC1-480D-8EF9-394568942733}.Release|Any CPU.ActiveCfg = Release|Any CPU
		{C3347A67-4BC1-480D-8EF9-394568942733}.Release|Any CPU.Build.0 = Release|Any CPU
	EndGlobalSection
	GlobalSection(SolutionProperties) = preSolution
		HideSolutionNode = FALSE
	EndGlobalSection
	GlobalSection(ExtensibilityGlobals) = postSolution
		SolutionGuid = {7C2D6F3A-DBD5-4C09-A986-CCC2EA0B6638}
	EndGlobalSection
EndGlobal
